// !$*UTF8*$!
{
	archiveVersion = 1;
	classes = {
	};
	objectVersion = 56;
	objects = {

/* Begin PBXBuildFile section */
		EE222B4328FBF73F00D20BE5 /* NavigationBarView.swift in Sources */ = {isa = PBXBuildFile; fileRef = EE222B4228FBF73F00D20BE5 /* NavigationBarView.swift */; };
		EE222B4728FC024C00D20BE5 /* LiveUIView.swift in Sources */ = {isa = PBXBuildFile; fileRef = EE222B4628FC024C00D20BE5 /* LiveUIView.swift */; };
		EE222B4A28FC1C8500D20BE5 /* LiveLeagueModel.swift in Sources */ = {isa = PBXBuildFile; fileRef = EE222B4928FC1C8500D20BE5 /* LiveLeagueModel.swift */; };
		EE222B6F28FC685700D20BE5 /* LiveUILeagueView.swift in Sources */ = {isa = PBXBuildFile; fileRef = EE222B6E28FC685700D20BE5 /* LiveUILeagueView.swift */; };
		EE222B7528FC6CF900D20BE5 /* LiveLeagueService.swift in Sources */ = {isa = PBXBuildFile; fileRef = EE222B7428FC6CF900D20BE5 /* LiveLeagueService.swift */; };
		EE222B7828FC6DE600D20BE5 /* Alamofire in Frameworks */ = {isa = PBXBuildFile; productRef = EE222B7728FC6DE600D20BE5 /* Alamofire */; };
		EE222B7B28FC6DF200D20BE5 /* SwiftyJSON in Frameworks */ = {isa = PBXBuildFile; productRef = EE222B7A28FC6DF200D20BE5 /* SwiftyJSON */; };
		EE59395E28FAA42200A3C087 /* _PASApp.swift in Sources */ = {isa = PBXBuildFile; fileRef = EE59395D28FAA42200A3C087 /* _PASApp.swift */; };
		EE59396028FAA42200A3C087 /* ContentView.swift in Sources */ = {isa = PBXBuildFile; fileRef = EE59395F28FAA42200A3C087 /* ContentView.swift */; };
		EE59396228FAA42300A3C087 /* Assets.xcassets in Resources */ = {isa = PBXBuildFile; fileRef = EE59396128FAA42300A3C087 /* Assets.xcassets */; };
		EE59396528FAA42300A3C087 /* Preview Assets.xcassets in Resources */ = {isa = PBXBuildFile; fileRef = EE59396428FAA42300A3C087 /* Preview Assets.xcassets */; };
		EE59396A28FAA42300A3C087 /* _PAS.xcdatamodeld in Sources */ = {isa = PBXBuildFile; fileRef = EE59396828FAA42300A3C087 /* _PAS.xcdatamodeld */; };
		EE59397328FAAA5400A3C087 /* SplashScreen.swift in Sources */ = {isa = PBXBuildFile; fileRef = EE59397228FAAA5400A3C087 /* SplashScreen.swift */; };
/* End PBXBuildFile section */

/* Begin PBXFileReference section */
		EE222B4228FBF73F00D20BE5 /* NavigationBarView.swift */ = {isa = PBXFileReference; lastKnownFileType = sourcecode.swift; path = NavigationBarView.swift; sourceTree = "<group>"; };
		EE222B4628FC024C00D20BE5 /* LiveUIView.swift */ = {isa = PBXFileReference; lastKnownFileType = sourcecode.swift; path = LiveUIView.swift; sourceTree = "<group>"; };
		EE222B4928FC1C8500D20BE5 /* LiveLeagueModel.swift */ = {isa = PBXFileReference; lastKnownFileType = sourcecode.swift; path = LiveLeagueModel.swift; sourceTree = "<group>"; };
		EE222B6E28FC685700D20BE5 /* LiveUILeagueView.swift */ = {isa = PBXFileReference; lastKnownFileType = sourcecode.swift; path = LiveUILeagueView.swift; sourceTree = "<group>"; };
		EE222B7428FC6CF900D20BE5 /* LiveLeagueService.swift */ = {isa = PBXFileReference; lastKnownFileType = sourcecode.swift; path = LiveLeagueService.swift; sourceTree = "<group>"; };
		EE59395A28FAA42200A3C087 /* 6PAS.app */ = {isa = PBXFileReference; explicitFileType = wrapper.application; includeInIndex = 0; path = 6PAS.app; sourceTree = BUILT_PRODUCTS_DIR; };
		EE59395D28FAA42200A3C087 /* _PASApp.swift */ = {isa = PBXFileReference; lastKnownFileType = sourcecode.swift; path = _PASApp.swift; sourceTree = "<group>"; };
		EE59395F28FAA42200A3C087 /* ContentView.swift */ = {isa = PBXFileReference; lastKnownFileType = sourcecode.swift; path = ContentView.swift; sourceTree = "<group>"; };
		EE59396128FAA42300A3C087 /* Assets.xcassets */ = {isa = PBXFileReference; lastKnownFileType = folder.assetcatalog; path = Assets.xcassets; sourceTree = "<group>"; };
		EE59396428FAA42300A3C087 /* Preview Assets.xcassets */ = {isa = PBXFileReference; lastKnownFileType = folder.assetcatalog; path = "Preview Assets.xcassets"; sourceTree = "<group>"; };
		EE59396928FAA42300A3C087 /* _PAS.xcdatamodel */ = {isa = PBXFileReference; lastKnownFileType = wrapper.xcdatamodel; path = _PAS.xcdatamodel; sourceTree = "<group>"; };
		EE59396B28FAA42300A3C087 /* Info.plist */ = {isa = PBXFileReference; lastKnownFileType = text.plist.xml; path = Info.plist; sourceTree = "<group>"; };
		EE59397228FAAA5400A3C087 /* SplashScreen.swift */ = {isa = PBXFileReference; lastKnownFileType = sourcecode.swift; path = SplashScreen.swift; sourceTree = "<group>"; };
/* End PBXFileReference section */

/* Begin PBXFrameworksBuildPhase section */
		EE59395728FAA42200A3C087 /* Frameworks */ = {
			isa = PBXFrameworksBuildPhase;
			buildActionMask = 2147483647;
			files = (
				EE222B7B28FC6DF200D20BE5 /* SwiftyJSON in Frameworks */,
				EE222B7828FC6DE600D20BE5 /* Alamofire in Frameworks */,
			);
			runOnlyForDeploymentPostprocessing = 0;
		};
/* End PBXFrameworksBuildPhase section */

/* Begin PBXGroup section */
		EE222B4428FC022900D20BE5 /* main */ = {
			isa = PBXGroup;
			children = (
				EE59395F28FAA42200A3C087 /* ContentView.swift */,
				EE59397228FAAA5400A3C087 /* SplashScreen.swift */,
				EE222B4228FBF73F00D20BE5 /* NavigationBarView.swift */,
			);
			path = main;
			sourceTree = "<group>";
		};
		EE222B4528FC023900D20BE5 /* live */ = {
			isa = PBXGroup;
			children = (
				EE222B4628FC024C00D20BE5 /* LiveUIView.swift */,
				EE222B6E28FC685700D20BE5 /* LiveUILeagueView.swift */,
			);
			path = live;
			sourceTree = "<group>";
		};
		EE222B4828FC1C3100D20BE5 /* Model */ = {
			isa = PBXGroup;
			children = (
				EE222B4928FC1C8500D20BE5 /* LiveLeagueModel.swift */,
			);
			path = Model;
			sourceTree = "<group>";
		};
		EE222B7328FC6CEB00D20BE5 /* Service */ = {
			isa = PBXGroup;
			children = (
				EE222B7428FC6CF900D20BE5 /* LiveLeagueService.swift */,
			);
			path = Service;
			sourceTree = "<group>";
		};
		EE59395128FAA42200A3C087 = {
			isa = PBXGroup;
			children = (
				EE59395C28FAA42200A3C087 /* 6PAS */,
				EE59395B28FAA42200A3C087 /* Products */,
			);
			sourceTree = "<group>";
		};
		EE59395B28FAA42200A3C087 /* Products */ = {
			isa = PBXGroup;
			children = (
				EE59395A28FAA42200A3C087 /* 6PAS.app */,
			);
			name = Products;
			sourceTree = "<group>";
		};
		EE59395C28FAA42200A3C087 /* 6PAS */ = {
			isa = PBXGroup;
			children = (
				EE222B7328FC6CEB00D20BE5 /* Service */,
				EE222B4828FC1C3100D20BE5 /* Model */,
				EE59397128FAAA4100A3C087 /* View */,
				EE59395D28FAA42200A3C087 /* _PASApp.swift */,
				EE59396128FAA42300A3C087 /* Assets.xcassets */,
				EE59396B28FAA42300A3C087 /* Info.plist */,
				EE59396828FAA42300A3C087 /* _PAS.xcdatamodeld */,
				EE59396328FAA42300A3C087 /* Preview Content */,
			);
			path = 6PAS;
			sourceTree = "<group>";
		};
		EE59396328FAA42300A3C087 /* Preview Content */ = {
			isa = PBXGroup;
			children = (
				EE59396428FAA42300A3C087 /* Preview Assets.xcassets */,
			);
			path = "Preview Content";
			sourceTree = "<group>";
		};
		EE59397128FAAA4100A3C087 /* View */ = {
			isa = PBXGroup;
			children = (
				EE222B4528FC023900D20BE5 /* live */,
				EE222B4428FC022900D20BE5 /* main */,
			);
			path = View;
			sourceTree = "<group>";
		};
/* End PBXGroup section */

/* Begin PBXNativeTarget section */
		EE59395928FAA42200A3C087 /* 6PAS */ = {
			isa = PBXNativeTarget;
			buildConfigurationList = EE59396E28FAA42300A3C087 /* Build configuration list for PBXNativeTarget "6PAS" */;
			buildPhases = (
				EE59395628FAA42200A3C087 /* Sources */,
				EE59395728FAA42200A3C087 /* Frameworks */,
				EE59395828FAA42200A3C087 /* Resources */,
			);
			buildRules = (
			);
			dependencies = (
			);
			name = 6PAS;
			packageProductDependencies = (
				EE222B7728FC6DE600D20BE5 /* Alamofire */,
				EE222B7A28FC6DF200D20BE5 /* SwiftyJSON */,
			);
			productName = 6PAS;
			productReference = EE59395A28FAA42200A3C087 /* 6PAS.app */;
			productType = "com.apple.product-type.application";
		};
/* End PBXNativeTarget section */

/* Begin PBXProject section */
		EE59395228FAA42200A3C087 /* Project object */ = {
			isa = PBXProject;
			attributes = {
				BuildIndependentTargetsInParallel = 1;
				LastSwiftUpdateCheck = 1400;
				LastUpgradeCheck = 1400;
				TargetAttributes = {
					EE59395928FAA42200A3C087 = {
						CreatedOnToolsVersion = 14.0.1;
					};
				};
			};
			buildConfigurationList = EE59395528FAA42200A3C087 /* Build configuration list for PBXProject "6PAS" */;
			compatibilityVersion = "Xcode 14.0";
			developmentRegion = en;
			hasScannedForEncodings = 0;
			knownRegions = (
				en,
				Base,
			);
			mainGroup = EE59395128FAA42200A3C087;
			packageReferences = (
				EE222B7628FC6DE600D20BE5 /* XCRemoteSwiftPackageReference "Alamofire" */,
				EE222B7928FC6DF200D20BE5 /* XCRemoteSwiftPackageReference "SwiftyJSON" */,
			);
			productRefGroup = EE59395B28FAA42200A3C087 /* Products */;
			projectDirPath = "";
			projectRoot = "";
			targets = (
				EE59395928FAA42200A3C087 /* 6PAS */,
			);
		};
/* End PBXProject section */

/* Begin PBXResourcesBuildPhase section */
		EE59395828FAA42200A3C087 /* Resources */ = {
			isa = PBXResourcesBuildPhase;
			buildActionMask = 2147483647;
			files = (
				EE59396528FAA42300A3C087 /* Preview Assets.xcassets in Resources */,
				EE59396228FAA42300A3C087 /* Assets.xcassets in Resources */,
			);
			runOnlyForDeploymentPostprocessing = 0;
		};
/* End PBXResourcesBuildPhase section */

/* Begin PBXSourcesBuildPhase section */
		EE59395628FAA42200A3C087 /* Sources */ = {
			isa = PBXSourcesBuildPhase;
			buildActionMask = 2147483647;
			files = (
				EE222B4728FC024C00D20BE5 /* LiveUIView.swift in Sources */,
				EE59397328FAAA5400A3C087 /* SplashScreen.swift in Sources */,
				EE59396A28FAA42300A3C087 /* _PAS.xcdatamodeld in Sources */,
				EE222B7528FC6CF900D20BE5 /* LiveLeagueService.swift in Sources */,
				EE222B4A28FC1C8500D20BE5 /* LiveLeagueModel.swift in Sources */,
				EE59396028FAA42200A3C087 /* ContentView.swift in Sources */,
				EE222B6F28FC685700D20BE5 /* LiveUILeagueView.swift in Sources */,
				EE59395E28FAA42200A3C087 /* _PASApp.swift in Sources */,
				EE222B4328FBF73F00D20BE5 /* NavigationBarView.swift in Sources */,
			);
			runOnlyForDeploymentPostprocessing = 0;
		};
/* End PBXSourcesBuildPhase section */

/* Begin XCBuildConfiguration section */
		EE59396C28FAA42300A3C087 /* Debug */ = {
			isa = XCBuildConfiguration;
			buildSettings = {
				ALWAYS_SEARCH_USER_PATHS = NO;
				CLANG_ANALYZER_NONNULL = YES;
				CLANG_ANALYZER_NUMBER_OBJECT_CONVERSION = YES_AGGRESSIVE;
				CLANG_CXX_LANGUAGE_STANDARD = "gnu++20";
				CLANG_ENABLE_MODULES = YES;
				CLANG_ENABLE_OBJC_ARC = YES;
				CLANG_ENABLE_OBJC_WEAK = YES;
				CLANG_WARN_BLOCK_CAPTURE_AUTORELEASING = YES;
				CLANG_WARN_BOOL_CONVERSION = YES;
				CLANG_WARN_COMMA = YES;
				CLANG_WARN_CONSTANT_CONVERSION = YES;
				CLANG_WARN_DEPRECATED_OBJC_IMPLEMENTATIONS = YES;
				CLANG_WARN_DIRECT_OBJC_ISA_USAGE = YES_ERROR;
				CLANG_WARN_DOCUMENTATION_COMMENTS = YES;
				CLANG_WARN_EMPTY_BODY = YES;
				CLANG_WARN_ENUM_CONVERSION = YES;
				CLANG_WARN_INFINITE_RECURSION = YES;
				CLANG_WARN_INT_CONVERSION = YES;
				CLANG_WARN_NON_LITERAL_NULL_CONVERSION = YES;
				CLANG_WARN_OBJC_IMPLICIT_RETAIN_SELF = YES;
				CLANG_WARN_OBJC_LITERAL_CONVERSION = YES;
				CLANG_WARN_OBJC_ROOT_CLASS = YES_ERROR;
				CLANG_WARN_QUOTED_INCLUDE_IN_FRAMEWORK_HEADER = YES;
				CLANG_WARN_RANGE_LOOP_ANALYSIS = YES;
				CLANG_WARN_STRICT_PROTOTYPES = YES;
				CLANG_WARN_SUSPICIOUS_MOVE = YES;
				CLANG_WARN_UNGUARDED_AVAILABILITY = YES_AGGRESSIVE;
				CLANG_WARN_UNREACHABLE_CODE = YES;
				CLANG_WARN__DUPLICATE_METHOD_MATCH = YES;
				COPY_PHASE_STRIP = NO;
				DEBUG_INFORMATION_FORMAT = dwarf;
				ENABLE_STRICT_OBJC_MSGSEND = YES;
				ENABLE_TESTABILITY = YES;
				GCC_C_LANGUAGE_STANDARD = gnu11;
				GCC_DYNAMIC_NO_PIC = NO;
				GCC_NO_COMMON_BLOCKS = YES;
				GCC_OPTIMIZATION_LEVEL = 0;
				GCC_PREPROCESSOR_DEFINITIONS = (
					"DEBUG=1",
					"$(inherited)",
				);
				GCC_WARN_64_TO_32_BIT_CONVERSION = YES;
				GCC_WARN_ABOUT_RETURN_TYPE = YES_ERROR;
				GCC_WARN_UNDECLARED_SELECTOR = YES;
				GCC_WARN_UNINITIALIZED_AUTOS = YES_AGGRESSIVE;
				GCC_WARN_UNUSED_FUNCTION = YES;
				GCC_WARN_UNUSED_VARIABLE = YES;
				IPHONEOS_DEPLOYMENT_TARGET = 16.0;
				MTL_ENABLE_DEBUG_INFO = INCLUDE_SOURCE;
				MTL_FAST_MATH = YES;
				ONLY_ACTIVE_ARCH = YES;
				SDKROOT = iphoneos;
				SWIFT_ACTIVE_COMPILATION_CONDITIONS = DEBUG;
				SWIFT_OPTIMIZATION_LEVEL = "-Onone";
			};
			name = Debug;
		};
		EE59396D28FAA42300A3C087 /* Release */ = {
			isa = XCBuildConfiguration;
			buildSettings = {
				ALWAYS_SEARCH_USER_PATHS = NO;
				CLANG_ANALYZER_NONNULL = YES;
				CLANG_ANALYZER_NUMBER_OBJECT_CONVERSION = YES_AGGRESSIVE;
				CLANG_CXX_LANGUAGE_STANDARD = "gnu++20";
				CLANG_ENABLE_MODULES = YES;
				CLANG_ENABLE_OBJC_ARC = YES;
				CLANG_ENABLE_OBJC_WEAK = YES;
				CLANG_WARN_BLOCK_CAPTURE_AUTORELEASING = YES;
				CLANG_WARN_BOOL_CONVERSION = YES;
				CLANG_WARN_COMMA = YES;
				CLANG_WARN_CONSTANT_CONVERSION = YES;
				CLANG_WARN_DEPRECATED_OBJC_IMPLEMENTATIONS = YES;
				CLANG_WARN_DIRECT_OBJC_ISA_USAGE = YES_ERROR;
				CLANG_WARN_DOCUMENTATION_COMMENTS = YES;
				CLANG_WARN_EMPTY_BODY = YES;
				CLANG_WARN_ENUM_CONVERSION = YES;
				CLANG_WARN_INFINITE_RECURSION = YES;
				CLANG_WARN_INT_CONVERSION = YES;
				CLANG_WARN_NON_LITERAL_NULL_CONVERSION = YES;
				CLANG_WARN_OBJC_IMPLICIT_RETAIN_SELF = YES;
				CLANG_WARN_OBJC_LITERAL_CONVERSION = YES;
				CLANG_WARN_OBJC_ROOT_CLASS = YES_ERROR;
				CLANG_WARN_QUOTED_INCLUDE_IN_FRAMEWORK_HEADER = YES;
				CLANG_WARN_RANGE_LOOP_ANALYSIS = YES;
				CLANG_WARN_STRICT_PROTOTYPES = YES;
				CLANG_WARN_SUSPICIOUS_MOVE = YES;
				CLANG_WARN_UNGUARDED_AVAILABILITY = YES_AGGRESSIVE;
				CLANG_WARN_UNREACHABLE_CODE = YES;
				CLANG_WARN__DUPLICATE_METHOD_MATCH = YES;
				COPY_PHASE_STRIP = NO;
				DEBUG_INFORMATION_FORMAT = "dwarf-with-dsym";
				ENABLE_NS_ASSERTIONS = NO;
				ENABLE_STRICT_OBJC_MSGSEND = YES;
				GCC_C_LANGUAGE_STANDARD = gnu11;
				GCC_NO_COMMON_BLOCKS = YES;
				GCC_WARN_64_TO_32_BIT_CONVERSION = YES;
				GCC_WARN_ABOUT_RETURN_TYPE = YES_ERROR;
				GCC_WARN_UNDECLARED_SELECTOR = YES;
				GCC_WARN_UNINITIALIZED_AUTOS = YES_AGGRESSIVE;
				GCC_WARN_UNUSED_FUNCTION = YES;
				GCC_WARN_UNUSED_VARIABLE = YES;
				IPHONEOS_DEPLOYMENT_TARGET = 16.0;
				MTL_ENABLE_DEBUG_INFO = NO;
				MTL_FAST_MATH = YES;
				SDKROOT = iphoneos;
				SWIFT_COMPILATION_MODE = wholemodule;
				SWIFT_OPTIMIZATION_LEVEL = "-O";
				VALIDATE_PRODUCT = YES;
			};
			name = Release;
		};
		EE59396F28FAA42300A3C087 /* Debug */ = {
			isa = XCBuildConfiguration;
			buildSettings = {
				ASSETCATALOG_COMPILER_APPICON_NAME = AppIcon;
				ASSETCATALOG_COMPILER_GLOBAL_ACCENT_COLOR_NAME = AccentColor;
				CODE_SIGN_STYLE = Automatic;
				CURRENT_PROJECT_VERSION = 1;
				DEVELOPMENT_ASSET_PATHS = "\"6PAS/Preview Content\"";
				DEVELOPMENT_TEAM = 4D4T6WY646;
				ENABLE_PREVIEWS = YES;
				GENERATE_INFOPLIST_FILE = YES;
				INFOPLIST_KEY_UIApplicationSceneManifest_Generation = YES;
				INFOPLIST_KEY_UIApplicationSupportsIndirectInputEvents = YES;
				INFOPLIST_KEY_UILaunchScreen_Generation = YES;
				INFOPLIST_KEY_UISupportedInterfaceOrientations_iPad = "UIInterfaceOrientationPortrait UIInterfaceOrientationPortraitUpsideDown UIInterfaceOrientationLandscapeLeft UIInterfaceOrientationLandscapeRight";
				INFOPLIST_KEY_UISupportedInterfaceOrientations_iPhone = "UIInterfaceOrientationPortrait UIInterfaceOrientationLandscapeLeft UIInterfaceOrientationLandscapeRight";
				LD_RUNPATH_SEARCH_PATHS = (
					"$(inherited)",
					"@executable_path/Frameworks",
				);
				MARKETING_VERSION = 1.0;
				PRODUCT_BUNDLE_IDENTIFIER = "com.tokeryazilim.-PAS";
				PRODUCT_NAME = "$(TARGET_NAME)";
				SWIFT_EMIT_LOC_STRINGS = YES;
				SWIFT_VERSION = 5.0;
				TARGETED_DEVICE_FAMILY = "1,2";
			};
			name = Debug;
		};
		EE59397028FAA42300A3C087 /* Release */ = {
			isa = XCBuildConfiguration;
			buildSettings = {
				ASSETCATALOG_COMPILER_APPICON_NAME = AppIcon;
				ASSETCATALOG_COMPILER_GLOBAL_ACCENT_COLOR_NAME = AccentColor;
				CODE_SIGN_STYLE = Automatic;
				CURRENT_PROJECT_VERSION = 1;
				DEVELOPMENT_ASSET_PATHS = "\"6PAS/Preview Content\"";
				DEVELOPMENT_TEAM = 4D4T6WY646;
				ENABLE_PREVIEWS = YES;
				GENERATE_INFOPLIST_FILE = YES;
				INFOPLIST_KEY_UIApplicationSceneManifest_Generation = YES;
				INFOPLIST_KEY_UIApplicationSupportsIndirectInputEvents = YES;
				INFOPLIST_KEY_UILaunchScreen_Generation = YES;
				INFOPLIST_KEY_UISupportedInterfaceOrientations_iPad = "UIInterfaceOrientationPortrait UIInterfaceOrientationPortraitUpsideDown UIInterfaceOrientationLandscapeLeft UIInterfaceOrientationLandscapeRight";
				INFOPLIST_KEY_UISupportedInterfaceOrientations_iPhone = "UIInterfaceOrientationPortrait UIInterfaceOrientationLandscapeLeft UIInterfaceOrientationLandscapeRight";
				LD_RUNPATH_SEARCH_PATHS = (
					"$(inherited)",
					"@executable_path/Frameworks",
				);
				MARKETING_VERSION = 1.0;
				PRODUCT_BUNDLE_IDENTIFIER = "com.tokeryazilim.-PAS";
				PRODUCT_NAME = "$(TARGET_NAME)";
				SWIFT_EMIT_LOC_STRINGS = YES;
				SWIFT_VERSION = 5.0;
				TARGETED_DEVICE_FAMILY = "1,2";
			};
			name = Release;
		};
/* End XCBuildConfiguration section */

/* Begin XCConfigurationList section */
		EE59395528FAA42200A3C087 /* Build configuration list for PBXProject "6PAS" */ = {
			isa = XCConfigurationList;
			buildConfigurations = (
				EE59396C28FAA42300A3C087 /* Debug */,
				EE59396D28FAA42300A3C087 /* Release */,
			);
			defaultConfigurationIsVisible = 0;
			defaultConfigurationName = Release;
		};
		EE59396E28FAA42300A3C087 /* Build configuration list for PBXNativeTarget "6PAS" */ = {
			isa = XCConfigurationList;
			buildConfigurations = (
				EE59396F28FAA42300A3C087 /* Debug */,
				EE59397028FAA42300A3C087 /* Release */,
			);
			defaultConfigurationIsVisible = 0;
			defaultConfigurationName = Release;
		};
/* End XCConfigurationList section */

/* Begin XCRemoteSwiftPackageReference section */
		EE222B7628FC6DE600D20BE5 /* XCRemoteSwiftPackageReference "Alamofire" */ = {
			isa = XCRemoteSwiftPackageReference;
			repositoryURL = "https://github.com/Alamofire/Alamofire";
			requirement = {
				branch = master;
				kind = branch;
			};
		};
		EE222B7928FC6DF200D20BE5 /* XCRemoteSwiftPackageReference "SwiftyJSON" */ = {
			isa = XCRemoteSwiftPackageReference;
			repositoryURL = "https://github.com/SwiftyJSON/SwiftyJSON.git";
			requirement = {
				branch = master;
				kind = branch;
			};
		};
/* End XCRemoteSwiftPackageReference section */

/* Begin XCSwiftPackageProductDependency section */
		EE222B7728FC6DE600D20BE5 /* Alamofire */ = {
			isa = XCSwiftPackageProductDependency;
			package = EE222B7628FC6DE600D20BE5 /* XCRemoteSwiftPackageReference "Alamofire" */;
			productName = Alamofire;
		};
		EE222B7A28FC6DF200D20BE5 /* SwiftyJSON */ = {
			isa = XCSwiftPackageProductDependency;
			package = EE222B7928FC6DF200D20BE5 /* XCRemoteSwiftPackageReference "SwiftyJSON" */;
			productName = SwiftyJSON;
		};
/* End XCSwiftPackageProductDependency section */

/* Begin XCVersionGroup section */
		EE59396828FAA42300A3C087 /* _PAS.xcdatamodeld */ = {
			isa = XCVersionGroup;
			children = (
				EE59396928FAA42300A3C087 /* _PAS.xcdatamodel */,
			);
			currentVersion = EE59396928FAA42300A3C087 /* _PAS.xcdatamodel */;
			path = _PAS.xcdatamodeld;
			sourceTree = "<group>";
			versionGroupType = wrapper.xcdatamodel;
		};
/* End XCVersionGroup section */
	};
	rootObject = EE59395228FAA42200A3C087 /* Project object */;
}
