{
  "pins" : [
    {
      "identity" : "alamofire",
      "kind" : "remoteSourceControl",
      "location" : "https://github.com/Alamofire/Alamofire",
      "state" : {
        "branch" : "master",
        "revision" : "bdecb2c87a21a236dcfe88b21532ad3f0e3d20f4"
      }
    },
    {
      "identity" : "kingfisher",
      "kind" : "remoteSourceControl",
      "location" : "https://github.com/onevcat/Kingfisher.git",
      "state" : {
        "branch" : "master",
        "revision" : "dffcc081c411bb34267297962666e2e21cd45b0d"
      }
    },
    {
      "identity" : "slidingtabview",
      "kind" : "remoteSourceControl",
      "location" : "https://github.com/QuynhNguyen/SlidingTabView.git",
      "state" : {
        "branch" : "master",
        "revision" : "b0f0662977418824d50546b2850a523dcd793bb0"
      }
    },
    {
      "identity" : "swiftuimargin",
      "kind" : "remoteSourceControl",
      "location" : "https://github.com/karamage/SwiftUIMargin.git",
      "state" : {
        "branch" : "main",
        "revision" : "c17a57dddfeb18fb93d5eec14cc8574cac31b39d"
      }
    },
    {
      "identity" : "swiftyjson",
      "kind" : "remoteSourceControl",
      "location" : "https://github.com/SwiftyJSON/SwiftyJSON.git",
      "state" : {
        "branch" : "master",
        "revision" : "f8d4d57ebac1817f6aa161014f1d4e2e119cbf7b"
      }
    }
  ],
  "version" : 2
}
